
Microsoft Visual Studio Solution File, Format Version 12.00
# Visual Studio 15
VisualStudioVersion = 15.0.28307.1145
MinimumVisualStudioVersion = 10.0.40219.1
Project("{A0786B88-2ADB-4C21-ABE8-AA2D79766269}") = "FDW", "FDW.phpproj", "{F66769CA-DB82-4AED-966C-4CC4B9240DB1}"
EndProject
Global
	GlobalSection(SolutionConfigurationPlatforms) = preSolution
		Debug|Any CPU = Debug|Any CPU
		Release|Any CPU = Release|Any CPU
	EndGlobalSection
	GlobalSection(ProjectConfigurationPlatforms) = postSolution
		{F66769CA-DB82-4AED-966C-4CC4B9240DB1}.Debug|Any CPU.ActiveCfg = Debug|Any CPU
		{F66769CA-DB82-4AED-966C-4CC4B9240DB1}.Release|Any CPU.ActiveCfg = Release|Any CPU
	EndGlobalSection
	GlobalSection(SolutionProperties) = preSolution
		HideSolutionNode = FALSE
	EndGlobalSection
	GlobalSection(ExtensibilityGlobals) = postSolution
		SolutionGuid = {C375DFAE-0460-473D-9451-86A638BE04AF}
	EndGlobalSection
EndGlobal
